// !$*UTF8*$!
{
	archiveVersion = 1;
	classes = {
	};
	objectVersion = 50;
	objects = {

/* Begin PBXBuildFile section */
		94C5462C22AD025B007FB310 /* AppDelegate.swift in Sources */ = {isa = PBXBuildFile; fileRef = 94C5462B22AD025B007FB310 /* AppDelegate.swift */; };
		94C5462E22AD025B007FB310 /* ViewController.swift in Sources */ = {isa = PBXBuildFile; fileRef = 94C5462D22AD025B007FB310 /* ViewController.swift */; };
		94C5463122AD025B007FB310 /* Main.storyboard in Resources */ = {isa = PBXBuildFile; fileRef = 94C5462F22AD025B007FB310 /* Main.storyboard */; };
		94C5463322AD025C007FB310 /* Assets.xcassets in Resources */ = {isa = PBXBuildFile; fileRef = 94C5463222AD025C007FB310 /* Assets.xcassets */; };
		94C5463622AD025C007FB310 /* LaunchScreen.storyboard in Resources */ = {isa = PBXBuildFile; fileRef = 94C5463422AD025C007FB310 /* LaunchScreen.storyboard */; };
		94C5464322AD0313007FB310 /* 01.png in Resources */ = {isa = PBXBuildFile; fileRef = 94C5463D22AD0313007FB310 /* 01.png */; };
		94C5464422AD0313007FB310 /* 02.png in Resources */ = {isa = PBXBuildFile; fileRef = 94C5463E22AD0313007FB310 /* 02.png */; };
		94C5464522AD0313007FB310 /* 03.png in Resources */ = {isa = PBXBuildFile; fileRef = 94C5463F22AD0313007FB310 /* 03.png */; };
		94C5464622AD0313007FB310 /* 04.png in Resources */ = {isa = PBXBuildFile; fileRef = 94C5464022AD0313007FB310 /* 04.png */; };
		94C5464722AD0313007FB310 /* 05.png in Resources */ = {isa = PBXBuildFile; fileRef = 94C5464122AD0313007FB310 /* 05.png */; };
		94C5464822AD0313007FB310 /* 06.png in Resources */ = {isa = PBXBuildFile; fileRef = 94C5464222AD0313007FB310 /* 06.png */; };
/* End PBXBuildFile section */

/* Begin PBXFileReference section */
		94C5462822AD025B007FB310 /* ImageCarousel.app */ = {isa = PBXFileReference; explicitFileType = wrapper.application; includeInIndex = 0; path = ImageCarousel.app; sourceTree = BUILT_PRODUCTS_DIR; };
		94C5462B22AD025B007FB310 /* AppDelegate.swift */ = {isa = PBXFileReference; lastKnownFileType = sourcecode.swift; path = AppDelegate.swift; sourceTree = "<group>"; };
		94C5462D22AD025B007FB310 /* ViewController.swift */ = {isa = PBXFileReference; lastKnownFileType = sourcecode.swift; path = ViewController.swift; sourceTree = "<group>"; };
		94C5463022AD025B007FB310 /* Base */ = {isa = PBXFileReference; lastKnownFileType = file.storyboard; name = Base; path = Base.lproj/Main.storyboard; sourceTree = "<group>"; };
		94C5463222AD025C007FB310 /* Assets.xcassets */ = {isa = PBXFileReference; lastKnownFileType = folder.assetcatalog; path = Assets.xcassets; sourceTree = "<group>"; };
		94C5463522AD025C007FB310 /* Base */ = {isa = PBXFileReference; lastKnownFileType = file.storyboard; name = Base; path = Base.lproj/LaunchScreen.storyboard; sourceTree = "<group>"; };
		94C5463722AD025C007FB310 /* Info.plist */ = {isa = PBXFileReference; lastKnownFileType = text.plist.xml; path = Info.plist; sourceTree = "<group>"; };
		94C5463D22AD0313007FB310 /* 01.png */ = {isa = PBXFileReference; lastKnownFileType = image.png; path = 01.png; sourceTree = "<group>"; };
		94C5463E22AD0313007FB310 /* 02.png */ = {isa = PBXFileReference; lastKnownFileType = image.png; path = 02.png; sourceTree = "<group>"; };
		94C5463F22AD0313007FB310 /* 03.png */ = {isa = PBXFileReference; lastKnownFileType = image.png; path = 03.png; sourceTree = "<group>"; };
		94C5464022AD0313007FB310 /* 04.png */ = {isa = PBXFileReference; lastKnownFileType = image.png; path = 04.png; sourceTree = "<group>"; };
		94C5464122AD0313007FB310 /* 05.png */ = {isa = PBXFileReference; lastKnownFileType = image.png; path = 05.png; sourceTree = "<group>"; };
		94C5464222AD0313007FB310 /* 06.png */ = {isa = PBXFileReference; lastKnownFileType = image.png; path = 06.png; sourceTree = "<group>"; };
/* End PBXFileReference section */

/* Begin PBXFrameworksBuildPhase section */
		94C5462522AD025B007FB310 /* Frameworks */ = {
			isa = PBXFrameworksBuildPhase;
			buildActionMask = 2147483647;
			files = (
			);
			runOnlyForDeploymentPostprocessing = 0;
		};
/* End PBXFrameworksBuildPhase section */

/* Begin PBXGroup section */
		94C5461F22AD025B007FB310 = {
			isa = PBXGroup;
			children = (
				94C5462A22AD025B007FB310 /* ImageCarousel */,
				94C5462922AD025B007FB310 /* Products */,
			);
			sourceTree = "<group>";
		};
		94C5462922AD025B007FB310 /* Products */ = {
			isa = PBXGroup;
			children = (
				94C5462822AD025B007FB310 /* ImageCarousel.app */,
			);
			name = Products;
			sourceTree = "<group>";
		};
		94C5462A22AD025B007FB310 /* ImageCarousel */ = {
			isa = PBXGroup;
			children = (
				94C5462B22AD025B007FB310 /* AppDelegate.swift */,
				94C5462D22AD025B007FB310 /* ViewController.swift */,
				94C5462F22AD025B007FB310 /* Main.storyboard */,
				94C5463D22AD0313007FB310 /* 01.png */,
				94C5463E22AD0313007FB310 /* 02.png */,
				94C5463F22AD0313007FB310 /* 03.png */,
				94C5464022AD0313007FB310 /* 04.png */,
				94C5464122AD0313007FB310 /* 05.png */,
				94C5464222AD0313007FB310 /* 06.png */,
				94C5463222AD025C007FB310 /* Assets.xcassets */,
				94C5463422AD025C007FB310 /* LaunchScreen.storyboard */,
				94C5463722AD025C007FB310 /* Info.plist */,
			);
			path = ImageCarousel;
			sourceTree = "<group>";
		};
/* End PBXGroup section */

/* Begin PBXNativeTarget section */
		94C5462722AD025B007FB310 /* ImageCarousel */ = {
			isa = PBXNativeTarget;
			buildConfigurationList = 94C5463A22AD025C007FB310 /* Build configuration list for PBXNativeTarget "ImageCarousel" */;
			buildPhases = (
				94C5462422AD025B007FB310 /* Sources */,
				94C5462522AD025B007FB310 /* Frameworks */,
				94C5462622AD025B007FB310 /* Resources */,
			);
			buildRules = (
			);
			dependencies = (
			);
			name = ImageCarousel;
			productName = ImageCarousel;
			productReference = 94C5462822AD025B007FB310 /* ImageCarousel.app */;
			productType = "com.apple.product-type.application";
		};
/* End PBXNativeTarget section */

/* Begin PBXProject section */
		94C5462022AD025B007FB310 /* Project object */ = {
			isa = PBXProject;
			attributes = {
				LastSwiftUpdateCheck = 1020;
				LastUpgradeCheck = 1020;
				ORGANIZATIONNAME = Ryan;
				TargetAttributes = {
					94C5462722AD025B007FB310 = {
						CreatedOnToolsVersion = 10.2.1;
					};
				};
			};
			buildConfigurationList = 94C5462322AD025B007FB310 /* Build configuration list for PBXProject "ImageCarousel" */;
			compatibilityVersion = "Xcode 9.3";
			developmentRegion = en;
			hasScannedForEncodings = 0;
			knownRegions = (
				en,
				Base,
			);
			mainGroup = 94C5461F22AD025B007FB310;
			productRefGroup = 94C5462922AD025B007FB310 /* Products */;
			projectDirPath = "";
			projectRoot = "";
			targets = (
				94C5462722AD025B007FB310 /* ImageCarousel */,
			);
		};
/* End PBXProject section */

/* Begin PBXResourcesBuildPhase section */
		94C5462622AD025B007FB310 /* Resources */ = {
			isa = PBXResourcesBuildPhase;
			buildActionMask = 2147483647;
			files = (
				94C5464422AD0313007FB310 /* 02.png in Resources */,
				94C5463622AD025C007FB310 /* LaunchScreen.storyboard in Resources */,
				94C5463322AD025C007FB310 /* Assets.xcassets in Resources */,
				94C5464322AD0313007FB310 /* 01.png in Resources */,
				94C5464822AD0313007FB310 /* 06.png in Resources */,
				94C5464622AD0313007FB310 /* 04.png in Resources */,
				94C5464522AD0313007FB310 /* 03.png in Resources */,
				94C5464722AD0313007FB310 /* 05.png in Resources */,
				94C5463122AD025B007FB310 /* Main.storyboard in Resources */,
			);
			runOnlyForDeploymentPostprocessing = 0;
		};
/* End PBXResourcesBuildPhase section */

/* Begin PBXSourcesBuildPhase section */
		94C5462422AD025B007FB310 /* Sources */ = {
			isa = PBXSourcesBuildPhase;
			buildActionMask = 2147483647;
			files = (
				94C5462E22AD025B007FB310 /* ViewController.swift in Sources */,
				94C5462C22AD025B007FB310 /* AppDelegate.swift in Sources */,
			);
			runOnlyForDeploymentPostprocessing = 0;
		};
/* End PBXSourcesBuildPhase section */

/* Begin PBXVariantGroup section */
		94C5462F22AD025B007FB310 /* Main.storyboard */ = {
			isa = PBXVariantGroup;
			children = (
				94C5463022AD025B007FB310 /* Base */,
			);
			name = Main.storyboard;
			sourceTree = "<group>";
		};
		94C5463422AD025C007FB310 /* LaunchScreen.storyboard */ = {
			isa = PBXVariantGroup;
			children = (
				94C5463522AD025C007FB310 /* Base */,
			);
			name = LaunchScreen.storyboard;
			sourceTree = "<group>";
		};
/* End PBXVariantGroup section */

/* Begin XCBuildConfiguration section */
		94C5463822AD025C007FB310 /* Debug */ = {
			isa = XCBuildConfiguration;
			buildSettings = {
				ALWAYS_SEARCH_USER_PATHS = NO;
				CLANG_ANALYZER_NONNULL = YES;
				CLANG_ANALYZER_NUMBER_OBJECT_CONVERSION = YES_AGGRESSIVE;
				CLANG_CXX_LANGUAGE_STANDARD = "gnu++14";
				CLANG_CXX_LIBRARY = "libc++";
				CLANG_ENABLE_MODULES = YES;
				CLANG_ENABLE_OBJC_ARC = YES;
				CLANG_ENABLE_OBJC_WEAK = YES;
				CLANG_WARN_BLOCK_CAPTURE_AUTORELEASING = YES;
				CLANG_WARN_BOOL_CONVERSION = YES;
				CLANG_WARN_COMMA = YES;
				CLANG_WARN_CONSTANT_CONVERSION = YES;
				CLANG_WARN_DEPRECATED_OBJC_IMPLEMENTATIONS = YES;
				CLANG_WARN_DIRECT_OBJC_ISA_USAGE = YES_ERROR;
				CLANG_WARN_DOCUMENTATION_COMMENTS = YES;
				CLANG_WARN_EMPTY_BODY = YES;
				CLANG_WARN_ENUM_CONVERSION = YES;
				CLANG_WARN_INFINITE_RECURSION = YES;
				CLANG_WARN_INT_CONVERSION = YES;
				CLANG_WARN_NON_LITERAL_NULL_CONVERSION = YES;
				CLANG_WARN_OBJC_IMPLICIT_RETAIN_SELF = YES;
				CLANG_WARN_OBJC_LITERAL_CONVERSION = YES;
				CLANG_WARN_OBJC_ROOT_CLASS = YES_ERROR;
				CLANG_WARN_RANGE_LOOP_ANALYSIS = YES;
				CLANG_WARN_STRICT_PROTOTYPES = YES;
				CLANG_WARN_SUSPICIOUS_MOVE = YES;
				CLANG_WARN_UNGUARDED_AVAILABILITY = YES_AGGRESSIVE;
				CLANG_WARN_UNREACHABLE_CODE = YES;
				CLANG_WARN__DUPLICATE_METHOD_MATCH = YES;
				CODE_SIGN_IDENTITY = "iPhone Developer";
				COPY_PHASE_STRIP = NO;
				DEBUG_INFORMATION_FORMAT = dwarf;
				ENABLE_STRICT_OBJC_MSGSEND = YES;
				ENABLE_TESTABILITY = YES;
				GCC_C_LANGUAGE_STANDARD = gnu11;
				GCC_DYNAMIC_NO_PIC = NO;
				GCC_NO_COMMON_BLOCKS = YES;
				GCC_OPTIMIZATION_LEVEL = 0;
				GCC_PREPROCESSOR_DEFINITIONS = (
					"DEBUG=1",
					"$(inherited)",
				);
				GCC_WARN_64_TO_32_BIT_CONVERSION = YES;
				GCC_WARN_ABOUT_RETURN_TYPE = YES_ERROR;
				GCC_WARN_UNDECLARED_SELECTOR = YES;
				GCC_WARN_UNINITIALIZED_AUTOS = YES_AGGRESSIVE;
				GCC_WARN_UNUSED_FUNCTION = YES;
				GCC_WARN_UNUSED_VARIABLE = YES;
				IPHONEOS_DEPLOYMENT_TARGET = 12.2;
				MTL_ENABLE_DEBUG_INFO = INCLUDE_SOURCE;
				MTL_FAST_MATH = YES;
				ONLY_ACTIVE_ARCH = YES;
				SDKROOT = iphoneos;
				SWIFT_ACTIVE_COMPILATION_CONDITIONS = DEBUG;
				SWIFT_OPTIMIZATION_LEVEL = "-Onone";
			};
			name = Debug;
		};
		94C5463922AD025C007FB310 /* Release */ = {
			isa = XCBuildConfiguration;
			buildSettings = {
				ALWAYS_SEARCH_USER_PATHS = NO;
				CLANG_ANALYZER_NONNULL = YES;
				CLANG_ANALYZER_NUMBER_OBJECT_CONVERSION = YES_AGGRESSIVE;
				CLANG_CXX_LANGUAGE_STANDARD = "gnu++14";
				CLANG_CXX_LIBRARY = "libc++";
				CLANG_ENABLE_MODULES = YES;
				CLANG_ENABLE_OBJC_ARC = YES;
				CLANG_ENABLE_OBJC_WEAK = YES;
				CLANG_WARN_BLOCK_CAPTURE_AUTORELEASING = YES;
				CLANG_WARN_BOOL_CONVERSION = YES;
				CLANG_WARN_COMMA = YES;
				CLANG_WARN_CONSTANT_CONVERSION = YES;
				CLANG_WARN_DEPRECATED_OBJC_IMPLEMENTATIONS = YES;
				CLANG_WARN_DIRECT_OBJC_ISA_USAGE = YES_ERROR;
				CLANG_WARN_DOCUMENTATION_COMMENTS = YES;
				CLANG_WARN_EMPTY_BODY = YES;
				CLANG_WARN_ENUM_CONVERSION = YES;
				CLANG_WARN_INFINITE_RECURSION = YES;
				CLANG_WARN_INT_CONVERSION = YES;
				CLANG_WARN_NON_LITERAL_NULL_CONVERSION = YES;
				CLANG_WARN_OBJC_IMPLICIT_RETAIN_SELF = YES;
				CLANG_WARN_OBJC_LITERAL_CONVERSION = YES;
				CLANG_WARN_OBJC_ROOT_CLASS = YES_ERROR;
				CLANG_WARN_RANGE_LOOP_ANALYSIS = YES;
				CLANG_WARN_STRICT_PROTOTYPES = YES;
				CLANG_WARN_SUSPICIOUS_MOVE = YES;
				CLANG_WARN_UNGUARDED_AVAILABILITY = YES_AGGRESSIVE;
				CLANG_WARN_UNREACHABLE_CODE = YES;
				CLANG_WARN__DUPLICATE_METHOD_MATCH = YES;
				CODE_SIGN_IDENTITY = "iPhone Developer";
				COPY_PHASE_STRIP = NO;
				DEBUG_INFORMATION_FORMAT = "dwarf-with-dsym";
				ENABLE_NS_ASSERTIONS = NO;
				ENABLE_STRICT_OBJC_MSGSEND = YES;
				GCC_C_LANGUAGE_STANDARD = gnu11;
				GCC_NO_COMMON_BLOCKS = YES;
				GCC_WARN_64_TO_32_BIT_CONVERSION = YES;
				GCC_WARN_ABOUT_RETURN_TYPE = YES_ERROR;
				GCC_WARN_UNDECLARED_SELECTOR = YES;
				GCC_WARN_UNINITIALIZED_AUTOS = YES_AGGRESSIVE;
				GCC_WARN_UNUSED_FUNCTION = YES;
				GCC_WARN_UNUSED_VARIABLE = YES;
				IPHONEOS_DEPLOYMENT_TARGET = 12.2;
				MTL_ENABLE_DEBUG_INFO = NO;
				MTL_FAST_MATH = YES;
				SDKROOT = iphoneos;
				SWIFT_COMPILATION_MODE = wholemodule;
				SWIFT_OPTIMIZATION_LEVEL = "-O";
				VALIDATE_PRODUCT = YES;
			};
			name = Release;
		};
		94C5463B22AD025C007FB310 /* Debug */ = {
			isa = XCBuildConfiguration;
			buildSettings = {
				ASSETCATALOG_COMPILER_APPICON_NAME = AppIcon;
				CODE_SIGN_STYLE = Automatic;
				DEVELOPMENT_TEAM = 45XTDBV4X8;
				INFOPLIST_FILE = ImageCarousel/Info.plist;
				LD_RUNPATH_SEARCH_PATHS = (
					"$(inherited)",
					"@executable_path/Frameworks",
				);
				PRODUCT_BUNDLE_IDENTIFIER = com.ryandevelops.ImageCarousel;
				PRODUCT_NAME = "$(TARGET_NAME)";
				SWIFT_VERSION = 5.0;
				TARGETED_DEVICE_FAMILY = "1,2";
			};
			name = Debug;
		};
		94C5463C22AD025C007FB310 /* Release */ = {
			isa = XCBuildConfiguration;
			buildSettings = {
				ASSETCATALOG_COMPILER_APPICON_NAME = AppIcon;
				CODE_SIGN_STYLE = Automatic;
				DEVELOPMENT_TEAM = 45XTDBV4X8;
				INFOPLIST_FILE = ImageCarousel/Info.plist;
				LD_RUNPATH_SEARCH_PATHS = (
					"$(inherited)",
					"@executable_path/Frameworks",
				);
				PRODUCT_BUNDLE_IDENTIFIER = com.ryandevelops.ImageCarousel;
				PRODUCT_NAME = "$(TARGET_NAME)";
				SWIFT_VERSION = 5.0;
				TARGETED_DEVICE_FAMILY = "1,2";
			};
			name = Release;
		};
/* End XCBuildConfiguration section */

/* Begin XCConfigurationList section */
		94C5462322AD025B007FB310 /* Build configuration list for PBXProject "ImageCarousel" */ = {
			isa = XCConfigurationList;
			buildConfigurations = (
				94C5463822AD025C007FB310 /* Debug */,
				94C5463922AD025C007FB310 /* Release */,
			);
			defaultConfigurationIsVisible = 0;
			defaultConfigurationName = Release;
		};
		94C5463A22AD025C007FB310 /* Build configuration list for PBXNativeTarget "ImageCarousel" */ = {
			isa = XCConfigurationList;
			buildConfigurations = (
				94C5463B22AD025C007FB310 /* Debug */,
				94C5463C22AD025C007FB310 /* Release */,
			);
			defaultConfigurationIsVisible = 0;
			defaultConfigurationName = Release;
		};
/* End XCConfigurationList section */
	};
	rootObject = 94C5462022AD025B007FB310 /* Project object */;
}
